{
  "requires": true,
  "lockfileVersion": 1,
  "dependencies": {
    "deep-extend": {
      "version": "0.2.11",
      "resolved": "https://registry.npmjs.org/deep-extend/-/deep-extend-0.2.11.tgz",
      "integrity": "sha1-eha6aXKRMjQFBhcElLyD9wdv4I8="
    },
    "grunt-resize-crop": {
      "version": "0.0.1",
      "resolved": "https://registry.npmjs.org/grunt-resize-crop/-/grunt-resize-crop-0.0.1.tgz",
      "integrity": "sha1-fGAv20khwvb3lpCi3smi5CnRjic=",
      "dev": true,
      "requires": {
        "deep-extend": "0.2.11",
        "resize-crop": "0.0.3"
      }
    },
    "image-size": {
      "version": "0.2.5",
      "resolved": "https://registry.npmjs.org/image-size/-/image-size-0.2.5.tgz",
      "integrity": "sha1-fOoT9JwZExlyL63ZYbnzA2PuyI8="
    },
    "imagemagick": {
      "version": "0.1.3",
      "resolved": "https://registry.npmjs.org/imagemagick/-/imagemagick-0.1.3.tgz",
      "integrity": "sha1-dIPOoJO02fLi85aFetyIIbU3xWo="
    },
    "resize-crop": {
      "version": "0.0.3",
      "resolved": "https://registry.npmjs.org/resize-crop/-/resize-crop-0.0.3.tgz",
      "integrity": "sha1-sjC+zKG5+SRvbRTozpnZkwIwY2o=",
      "requires": {
        "deep-extend": "0.2.11",
        "image-size": "0.2.5",
        "imagemagick": "0.1.3"
      }
    }
  }
}
